// !$*UTF8*$!
{
	archiveVersion = 1;
	classes = {
	};
	objectVersion = 56;
	objects = {

/* Begin PBXBuildFile section */
		781053E72C3161D300652338 /* AppDelegate.swift in Sources */ = {isa = PBXBuildFile; fileRef = 781053E62C3161D300652338 /* AppDelegate.swift */; };
		781053E92C3161D300652338 /* SceneDelegate.swift in Sources */ = {isa = PBXBuildFile; fileRef = 781053E82C3161D300652338 /* SceneDelegate.swift */; };
		781053EB2C3161D300652338 /* ViewController.swift in Sources */ = {isa = PBXBuildFile; fileRef = 781053EA2C3161D300652338 /* ViewController.swift */; };
		781053EE2C3161D300652338 /* Main.storyboard in Resources */ = {isa = PBXBuildFile; fileRef = 781053EC2C3161D300652338 /* Main.storyboard */; };
		781053F02C3161D400652338 /* Assets.xcassets in Resources */ = {isa = PBXBuildFile; fileRef = 781053EF2C3161D400652338 /* Assets.xcassets */; };
		781053F32C3161D400652338 /* LaunchScreen.storyboard in Resources */ = {isa = PBXBuildFile; fileRef = 781053F12C3161D400652338 /* LaunchScreen.storyboard */; };
		781053FB2C3162BE00652338 /* Topics Covered.txt in Resources */ = {isa = PBXBuildFile; fileRef = 781053FA2C3162BE00652338 /* Topics Covered.txt */; };
		781053FE2C316E8800652338 /* CustomThread.swift in Sources */ = {isa = PBXBuildFile; fileRef = 781053FD2C316E8800652338 /* CustomThread.swift */; };
		7887CA1B2C43BE99004FD952 /* GCD.swift in Sources */ = {isa = PBXBuildFile; fileRef = 7887CA1A2C43BE99004FD952 /* GCD.swift */; };
/* End PBXBuildFile section */

/* Begin PBXFileReference section */
		781053E32C3161D300652338 /* ConcurrencyAndGCDBasics.app */ = {isa = PBXFileReference; explicitFileType = wrapper.application; includeInIndex = 0; path = ConcurrencyAndGCDBasics.app; sourceTree = BUILT_PRODUCTS_DIR; };
		781053E62C3161D300652338 /* AppDelegate.swift */ = {isa = PBXFileReference; lastKnownFileType = sourcecode.swift; path = AppDelegate.swift; sourceTree = "<group>"; };
		781053E82C3161D300652338 /* SceneDelegate.swift */ = {isa = PBXFileReference; lastKnownFileType = sourcecode.swift; path = SceneDelegate.swift; sourceTree = "<group>"; };
		781053EA2C3161D300652338 /* ViewController.swift */ = {isa = PBXFileReference; lastKnownFileType = sourcecode.swift; path = ViewController.swift; sourceTree = "<group>"; };
		781053ED2C3161D300652338 /* Base */ = {isa = PBXFileReference; lastKnownFileType = file.storyboard; name = Base; path = Base.lproj/Main.storyboard; sourceTree = "<group>"; };
		781053EF2C3161D400652338 /* Assets.xcassets */ = {isa = PBXFileReference; lastKnownFileType = folder.assetcatalog; path = Assets.xcassets; sourceTree = "<group>"; };
		781053F22C3161D400652338 /* Base */ = {isa = PBXFileReference; lastKnownFileType = file.storyboard; name = Base; path = Base.lproj/LaunchScreen.storyboard; sourceTree = "<group>"; };
		781053F42C3161D400652338 /* Info.plist */ = {isa = PBXFileReference; lastKnownFileType = text.plist.xml; path = Info.plist; sourceTree = "<group>"; };
		781053FA2C3162BE00652338 /* Topics Covered.txt */ = {isa = PBXFileReference; lastKnownFileType = text; path = "Topics Covered.txt"; sourceTree = "<group>"; };
		781053FC2C31656400652338 /* What is Concurrency ??.md */ = {isa = PBXFileReference; lastKnownFileType = net.daringfireball.markdown; path = "What is Concurrency ??.md"; sourceTree = "<group>"; };
		781053FD2C316E8800652338 /* CustomThread.swift */ = {isa = PBXFileReference; lastKnownFileType = sourcecode.swift; path = CustomThread.swift; sourceTree = "<group>"; };
		7887CA1A2C43BE99004FD952 /* GCD.swift */ = {isa = PBXFileReference; lastKnownFileType = sourcecode.swift; path = GCD.swift; sourceTree = "<group>"; };
/* End PBXFileReference section */

/* Begin PBXFrameworksBuildPhase section */
		781053E02C3161D300652338 /* Frameworks */ = {
			isa = PBXFrameworksBuildPhase;
			buildActionMask = 2147483647;
			files = (
			);
			runOnlyForDeploymentPostprocessing = 0;
		};
/* End PBXFrameworksBuildPhase section */

/* Begin PBXGroup section */
		781053DA2C3161D300652338 = {
			isa = PBXGroup;
			children = (
				781053FA2C3162BE00652338 /* Topics Covered.txt */,
				781053FC2C31656400652338 /* What is Concurrency ??.md */,
				781053E52C3161D300652338 /* ConcurrencyAndGCDBasics */,
				781053E42C3161D300652338 /* Products */,
			);
			sourceTree = "<group>";
		};
		781053E42C3161D300652338 /* Products */ = {
			isa = PBXGroup;
			children = (
				781053E32C3161D300652338 /* ConcurrencyAndGCDBasics.app */,
			);
			name = Products;
			sourceTree = "<group>";
		};
		781053E52C3161D300652338 /* ConcurrencyAndGCDBasics */ = {
			isa = PBXGroup;
			children = (
				781053E62C3161D300652338 /* AppDelegate.swift */,
				781053E82C3161D300652338 /* SceneDelegate.swift */,
				781053EA2C3161D300652338 /* ViewController.swift */,
				781053FD2C316E8800652338 /* CustomThread.swift */,
				7887CA1A2C43BE99004FD952 /* GCD.swift */,
				781053EC2C3161D300652338 /* Main.storyboard */,
				781053EF2C3161D400652338 /* Assets.xcassets */,
				781053F12C3161D400652338 /* LaunchScreen.storyboard */,
				781053F42C3161D400652338 /* Info.plist */,
			);
			path = ConcurrencyAndGCDBasics;
			sourceTree = "<group>";
		};
/* End PBXGroup section */

/* Begin PBXNativeTarget section */
		781053E22C3161D300652338 /* ConcurrencyAndGCDBasics */ = {
			isa = PBXNativeTarget;
			buildConfigurationList = 781053F72C3161D400652338 /* Build configuration list for PBXNativeTarget "ConcurrencyAndGCDBasics" */;
			buildPhases = (
				781053DF2C3161D300652338 /* Sources */,
				781053E02C3161D300652338 /* Frameworks */,
				781053E12C3161D300652338 /* Resources */,
			);
			buildRules = (
			);
			dependencies = (
			);
			name = ConcurrencyAndGCDBasics;
			productName = ConcurrencyAndGCDBasics;
			productReference = 781053E32C3161D300652338 /* ConcurrencyAndGCDBasics.app */;
			productType = "com.apple.product-type.application";
		};
/* End PBXNativeTarget section */

/* Begin PBXProject section */
		781053DB2C3161D300652338 /* Project object */ = {
			isa = PBXProject;
			attributes = {
				BuildIndependentTargetsInParallel = 1;
				LastSwiftUpdateCheck = 1510;
				LastUpgradeCheck = 1510;
				TargetAttributes = {
					781053E22C3161D300652338 = {
						CreatedOnToolsVersion = 15.1;
					};
				};
			};
			buildConfigurationList = 781053DE2C3161D300652338 /* Build configuration list for PBXProject "ConcurrencyAndGCDBasics" */;
			compatibilityVersion = "Xcode 14.0";
			developmentRegion = en;
			hasScannedForEncodings = 0;
			knownRegions = (
				en,
				Base,
			);
			mainGroup = 781053DA2C3161D300652338;
			productRefGroup = 781053E42C3161D300652338 /* Products */;
			projectDirPath = "";
			projectRoot = "";
			targets = (
				781053E22C3161D300652338 /* ConcurrencyAndGCDBasics */,
			);
		};
/* End PBXProject section */

/* Begin PBXResourcesBuildPhase section */
		781053E12C3161D300652338 /* Resources */ = {
			isa = PBXResourcesBuildPhase;
			buildActionMask = 2147483647;
			files = (
				781053F32C3161D400652338 /* LaunchScreen.storyboard in Resources */,
				781053F02C3161D400652338 /* Assets.xcassets in Resources */,
				781053FB2C3162BE00652338 /* Topics Covered.txt in Resources */,
				781053EE2C3161D300652338 /* Main.storyboard in Resources */,
			);
			runOnlyForDeploymentPostprocessing = 0;
		};
/* End PBXResourcesBuildPhase section */

/* Begin PBXSourcesBuildPhase section */
		781053DF2C3161D300652338 /* Sources */ = {
			isa = PBXSourcesBuildPhase;
			buildActionMask = 2147483647;
			files = (
				7887CA1B2C43BE99004FD952 /* GCD.swift in Sources */,
				781053FE2C316E8800652338 /* CustomThread.swift in Sources */,
				781053EB2C3161D300652338 /* ViewController.swift in Sources */,
				781053E72C3161D300652338 /* AppDelegate.swift in Sources */,
				781053E92C3161D300652338 /* SceneDelegate.swift in Sources */,
			);
			runOnlyForDeploymentPostprocessing = 0;
		};
/* End PBXSourcesBuildPhase section */

/* Begin PBXVariantGroup section */
		781053EC2C3161D300652338 /* Main.storyboard */ = {
			isa = PBXVariantGroup;
			children = (
				781053ED2C3161D300652338 /* Base */,
			);
			name = Main.storyboard;
			sourceTree = "<group>";
		};
		781053F12C3161D400652338 /* LaunchScreen.storyboard */ = {
			isa = PBXVariantGroup;
			children = (
				781053F22C3161D400652338 /* Base */,
			);
			name = LaunchScreen.storyboard;
			sourceTree = "<group>";
		};
/* End PBXVariantGroup section */

/* Begin XCBuildConfiguration section */
		781053F52C3161D400652338 /* Debug */ = {
			isa = XCBuildConfiguration;
			buildSettings = {
				ALWAYS_SEARCH_USER_PATHS = NO;
				ASSETCATALOG_COMPILER_GENERATE_SWIFT_ASSET_SYMBOL_EXTENSIONS = YES;
				CLANG_ANALYZER_NONNULL = YES;
				CLANG_ANALYZER_NUMBER_OBJECT_CONVERSION = YES_AGGRESSIVE;
				CLANG_CXX_LANGUAGE_STANDARD = "gnu++20";
				CLANG_ENABLE_MODULES = YES;
				CLANG_ENABLE_OBJC_ARC = YES;
				CLANG_ENABLE_OBJC_WEAK = YES;
				CLANG_WARN_BLOCK_CAPTURE_AUTORELEASING = YES;
				CLANG_WARN_BOOL_CONVERSION = YES;
				CLANG_WARN_COMMA = YES;
				CLANG_WARN_CONSTANT_CONVERSION = YES;
				CLANG_WARN_DEPRECATED_OBJC_IMPLEMENTATIONS = YES;
				CLANG_WARN_DIRECT_OBJC_ISA_USAGE = YES_ERROR;
				CLANG_WARN_DOCUMENTATION_COMMENTS = YES;
				CLANG_WARN_EMPTY_BODY = YES;
				CLANG_WARN_ENUM_CONVERSION = YES;
				CLANG_WARN_INFINITE_RECURSION = YES;
				CLANG_WARN_INT_CONVERSION = YES;
				CLANG_WARN_NON_LITERAL_NULL_CONVERSION = YES;
				CLANG_WARN_OBJC_IMPLICIT_RETAIN_SELF = YES;
				CLANG_WARN_OBJC_LITERAL_CONVERSION = YES;
				CLANG_WARN_OBJC_ROOT_CLASS = YES_ERROR;
				CLANG_WARN_QUOTED_INCLUDE_IN_FRAMEWORK_HEADER = YES;
				CLANG_WARN_RANGE_LOOP_ANALYSIS = YES;
				CLANG_WARN_STRICT_PROTOTYPES = YES;
				CLANG_WARN_SUSPICIOUS_MOVE = YES;
				CLANG_WARN_UNGUARDED_AVAILABILITY = YES_AGGRESSIVE;
				CLANG_WARN_UNREACHABLE_CODE = YES;
				CLANG_WARN__DUPLICATE_METHOD_MATCH = YES;
				COPY_PHASE_STRIP = NO;
				DEBUG_INFORMATION_FORMAT = dwarf;
				ENABLE_STRICT_OBJC_MSGSEND = YES;
				ENABLE_TESTABILITY = YES;
				ENABLE_USER_SCRIPT_SANDBOXING = YES;
				GCC_C_LANGUAGE_STANDARD = gnu17;
				GCC_DYNAMIC_NO_PIC = NO;
				GCC_NO_COMMON_BLOCKS = YES;
				GCC_OPTIMIZATION_LEVEL = 0;
				GCC_PREPROCESSOR_DEFINITIONS = (
					"DEBUG=1",
					"$(inherited)",
				);
				GCC_WARN_64_TO_32_BIT_CONVERSION = YES;
				GCC_WARN_ABOUT_RETURN_TYPE = YES_ERROR;
				GCC_WARN_UNDECLARED_SELECTOR = YES;
				GCC_WARN_UNINITIALIZED_AUTOS = YES_AGGRESSIVE;
				GCC_WARN_UNUSED_FUNCTION = YES;
				GCC_WARN_UNUSED_VARIABLE = YES;
				IPHONEOS_DEPLOYMENT_TARGET = 17.2;
				LOCALIZATION_PREFERS_STRING_CATALOGS = YES;
				MTL_ENABLE_DEBUG_INFO = INCLUDE_SOURCE;
				MTL_FAST_MATH = YES;
				ONLY_ACTIVE_ARCH = YES;
				SDKROOT = iphoneos;
				SWIFT_ACTIVE_COMPILATION_CONDITIONS = "DEBUG $(inherited)";
				SWIFT_OPTIMIZATION_LEVEL = "-Onone";
			};
			name = Debug;
		};
		781053F62C3161D400652338 /* Release */ = {
			isa = XCBuildConfiguration;
			buildSettings = {
				ALWAYS_SEARCH_USER_PATHS = NO;
				ASSETCATALOG_COMPILER_GENERATE_SWIFT_ASSET_SYMBOL_EXTENSIONS = YES;
				CLANG_ANALYZER_NONNULL = YES;
				CLANG_ANALYZER_NUMBER_OBJECT_CONVERSION = YES_AGGRESSIVE;
				CLANG_CXX_LANGUAGE_STANDARD = "gnu++20";
				CLANG_ENABLE_MODULES = YES;
				CLANG_ENABLE_OBJC_ARC = YES;
				CLANG_ENABLE_OBJC_WEAK = YES;
				CLANG_WARN_BLOCK_CAPTURE_AUTORELEASING = YES;
				CLANG_WARN_BOOL_CONVERSION = YES;
				CLANG_WARN_COMMA = YES;
				CLANG_WARN_CONSTANT_CONVERSION = YES;
				CLANG_WARN_DEPRECATED_OBJC_IMPLEMENTATIONS = YES;
				CLANG_WARN_DIRECT_OBJC_ISA_USAGE = YES_ERROR;
				CLANG_WARN_DOCUMENTATION_COMMENTS = YES;
				CLANG_WARN_EMPTY_BODY = YES;
				CLANG_WARN_ENUM_CONVERSION = YES;
				CLANG_WARN_INFINITE_RECURSION = YES;
				CLANG_WARN_INT_CONVERSION = YES;
				CLANG_WARN_NON_LITERAL_NULL_CONVERSION = YES;
				CLANG_WARN_OBJC_IMPLICIT_RETAIN_SELF = YES;
				CLANG_WARN_OBJC_LITERAL_CONVERSION = YES;
				CLANG_WARN_OBJC_ROOT_CLASS = YES_ERROR;
				CLANG_WARN_QUOTED_INCLUDE_IN_FRAMEWORK_HEADER = YES;
				CLANG_WARN_RANGE_LOOP_ANALYSIS = YES;
				CLANG_WARN_STRICT_PROTOTYPES = YES;
				CLANG_WARN_SUSPICIOUS_MOVE = YES;
				CLANG_WARN_UNGUARDED_AVAILABILITY = YES_AGGRESSIVE;
				CLANG_WARN_UNREACHABLE_CODE = YES;
				CLANG_WARN__DUPLICATE_METHOD_MATCH = YES;
				COPY_PHASE_STRIP = NO;
				DEBUG_INFORMATION_FORMAT = "dwarf-with-dsym";
				ENABLE_NS_ASSERTIONS = NO;
				ENABLE_STRICT_OBJC_MSGSEND = YES;
				ENABLE_USER_SCRIPT_SANDBOXING = YES;
				GCC_C_LANGUAGE_STANDARD = gnu17;
				GCC_NO_COMMON_BLOCKS = YES;
				GCC_WARN_64_TO_32_BIT_CONVERSION = YES;
				GCC_WARN_ABOUT_RETURN_TYPE = YES_ERROR;
				GCC_WARN_UNDECLARED_SELECTOR = YES;
				GCC_WARN_UNINITIALIZED_AUTOS = YES_AGGRESSIVE;
				GCC_WARN_UNUSED_FUNCTION = YES;
				GCC_WARN_UNUSED_VARIABLE = YES;
				IPHONEOS_DEPLOYMENT_TARGET = 17.2;
				LOCALIZATION_PREFERS_STRING_CATALOGS = YES;
				MTL_ENABLE_DEBUG_INFO = NO;
				MTL_FAST_MATH = YES;
				SDKROOT = iphoneos;
				SWIFT_COMPILATION_MODE = wholemodule;
				VALIDATE_PRODUCT = YES;
			};
			name = Release;
		};
		781053F82C3161D400652338 /* Debug */ = {
			isa = XCBuildConfiguration;
			buildSettings = {
				ASSETCATALOG_COMPILER_APPICON_NAME = AppIcon;
				ASSETCATALOG_COMPILER_GLOBAL_ACCENT_COLOR_NAME = AccentColor;
				CODE_SIGN_STYLE = Automatic;
				CURRENT_PROJECT_VERSION = 1;
				DEVELOPMENT_TEAM = 6YV3ADB4V9;
				GENERATE_INFOPLIST_FILE = YES;
				INFOPLIST_FILE = ConcurrencyAndGCDBasics/Info.plist;
				INFOPLIST_KEY_UIApplicationSupportsIndirectInputEvents = YES;
				INFOPLIST_KEY_UILaunchStoryboardName = LaunchScreen;
				INFOPLIST_KEY_UIMainStoryboardFile = Main;
				INFOPLIST_KEY_UISupportedInterfaceOrientations_iPad = "UIInterfaceOrientationPortrait UIInterfaceOrientationPortraitUpsideDown UIInterfaceOrientationLandscapeLeft UIInterfaceOrientationLandscapeRight";
				INFOPLIST_KEY_UISupportedInterfaceOrientations_iPhone = "UIInterfaceOrientationPortrait UIInterfaceOrientationLandscapeLeft UIInterfaceOrientationLandscapeRight";
				LD_RUNPATH_SEARCH_PATHS = (
					"$(inherited)",
					"@executable_path/Frameworks",
				);
				MARKETING_VERSION = 1.0;
				PRODUCT_BUNDLE_IDENTIFIER = uday.ConcurrencyAndGCDBasics;
				PRODUCT_NAME = "$(TARGET_NAME)";
				SWIFT_EMIT_LOC_STRINGS = YES;
				SWIFT_VERSION = 5.0;
				TARGETED_DEVICE_FAMILY = "1,2";
			};
			name = Debug;
		};
		781053F92C3161D400652338 /* Release */ = {
			isa = XCBuildConfiguration;
			buildSettings = {
				ASSETCATALOG_COMPILER_APPICON_NAME = AppIcon;
				ASSETCATALOG_COMPILER_GLOBAL_ACCENT_COLOR_NAME = AccentColor;
				CODE_SIGN_STYLE = Automatic;
				CURRENT_PROJECT_VERSION = 1;
				DEVELOPMENT_TEAM = 6YV3ADB4V9;
				GENERATE_INFOPLIST_FILE = YES;
				INFOPLIST_FILE = ConcurrencyAndGCDBasics/Info.plist;
				INFOPLIST_KEY_UIApplicationSupportsIndirectInputEvents = YES;
				INFOPLIST_KEY_UILaunchStoryboardName = LaunchScreen;
				INFOPLIST_KEY_UIMainStoryboardFile = Main;
				INFOPLIST_KEY_UISupportedInterfaceOrientations_iPad = "UIInterfaceOrientationPortrait UIInterfaceOrientationPortraitUpsideDown UIInterfaceOrientationLandscapeLeft UIInterfaceOrientationLandscapeRight";
				INFOPLIST_KEY_UISupportedInterfaceOrientations_iPhone = "UIInterfaceOrientationPortrait UIInterfaceOrientationLandscapeLeft UIInterfaceOrientationLandscapeRight";
				LD_RUNPATH_SEARCH_PATHS = (
					"$(inherited)",
					"@executable_path/Frameworks",
				);
				MARKETING_VERSION = 1.0;
				PRODUCT_BUNDLE_IDENTIFIER = uday.ConcurrencyAndGCDBasics;
				PRODUCT_NAME = "$(TARGET_NAME)";
				SWIFT_EMIT_LOC_STRINGS = YES;
				SWIFT_VERSION = 5.0;
				TARGETED_DEVICE_FAMILY = "1,2";
			};
			name = Release;
		};
/* End XCBuildConfiguration section */

/* Begin XCConfigurationList section */
		781053DE2C3161D300652338 /* Build configuration list for PBXProject "ConcurrencyAndGCDBasics" */ = {
			isa = XCConfigurationList;
			buildConfigurations = (
				781053F52C3161D400652338 /* Debug */,
				781053F62C3161D400652338 /* Release */,
			);
			defaultConfigurationIsVisible = 0;
			defaultConfigurationName = Release;
		};
		781053F72C3161D400652338 /* Build configuration list for PBXNativeTarget "ConcurrencyAndGCDBasics" */ = {
			isa = XCConfigurationList;
			buildConfigurations = (
				781053F82C3161D400652338 /* Debug */,
				781053F92C3161D400652338 /* Release */,
			);
			defaultConfigurationIsVisible = 0;
			defaultConfigurationName = Release;
		};
/* End XCConfigurationList section */
	};
	rootObject = 781053DB2C3161D300652338 /* Project object */;
}
